
Microsoft Visual Studio Solution File, Format Version 12.00
# Visual Studio 15
VisualStudioVersion = 15.0.27130.2036
MinimumVisualStudioVersion = 10.0.40219.1
Project("{00D1A9C2-B5F0-4AF3-8072-F6C62B433612}") = "ssisDBTest", "ssisDBTest\ssisDBTest.sqlproj", "{CEC86CA1-26F9-449B-BF7D-0D0ACC943C61}"
EndProject
Project("{159641D6-6404-4A2A-AE62-294DE0FE8301}") = "isp1", "isp1\isp1.dtproj", "{4A5207DF-BB03-47AD-81D0-3F2EBCD13F37}"
EndProject
Project("{F5034706-568F-408A-B7B3-4D38C6DB8A32}") = "SSISDevOpsPowerShell", "SSISDevOpsPowerShell\SSISDevOpsPowerShell.pssproj", "{6CAFC0C6-A428-4D30-A9F9-700E829FEA51}"
EndProject
Global
	GlobalSection(SolutionConfigurationPlatforms) = preSolution
		Debug|Any CPU = Debug|Any CPU
		Development|Any CPU = Development|Any CPU
		Release|Any CPU = Release|Any CPU
	EndGlobalSection
	GlobalSection(ProjectConfigurationPlatforms) = postSolution
		{CEC86CA1-26F9-449B-BF7D-0D0ACC943C61}.Debug|Any CPU.ActiveCfg = Debug|Any CPU
		{CEC86CA1-26F9-449B-BF7D-0D0ACC943C61}.Debug|Any CPU.Build.0 = Debug|Any CPU
		{CEC86CA1-26F9-449B-BF7D-0D0ACC943C61}.Debug|Any CPU.Deploy.0 = Debug|Any CPU
		{CEC86CA1-26F9-449B-BF7D-0D0ACC943C61}.Development|Any CPU.ActiveCfg = Debug|Any CPU
		{CEC86CA1-26F9-449B-BF7D-0D0ACC943C61}.Release|Any CPU.ActiveCfg = Release|Any CPU
		{CEC86CA1-26F9-449B-BF7D-0D0ACC943C61}.Release|Any CPU.Build.0 = Release|Any CPU
		{CEC86CA1-26F9-449B-BF7D-0D0ACC943C61}.Release|Any CPU.Deploy.0 = Release|Any CPU
		{4A5207DF-BB03-47AD-81D0-3F2EBCD13F37}.Debug|Any CPU.ActiveCfg = Development
		{4A5207DF-BB03-47AD-81D0-3F2EBCD13F37}.Development|Any CPU.ActiveCfg = Development
		{4A5207DF-BB03-47AD-81D0-3F2EBCD13F37}.Development|Any CPU.Build.0 = Development
		{4A5207DF-BB03-47AD-81D0-3F2EBCD13F37}.Release|Any CPU.ActiveCfg = Development
		{6CAFC0C6-A428-4D30-A9F9-700E829FEA51}.Debug|Any CPU.ActiveCfg = Debug|Any CPU
		{6CAFC0C6-A428-4D30-A9F9-700E829FEA51}.Debug|Any CPU.Build.0 = Debug|Any CPU
		{6CAFC0C6-A428-4D30-A9F9-700E829FEA51}.Development|Any CPU.ActiveCfg = Debug|Any CPU
		{6CAFC0C6-A428-4D30-A9F9-700E829FEA51}.Release|Any CPU.ActiveCfg = Release|Any CPU
		{6CAFC0C6-A428-4D30-A9F9-700E829FEA51}.Release|Any CPU.Build.0 = Release|Any CPU
	EndGlobalSection
	GlobalSection(SolutionProperties) = preSolution
		HideSolutionNode = FALSE
	EndGlobalSection
	GlobalSection(ExtensibilityGlobals) = postSolution
		SolutionGuid = {BEA8CFE3-FBCF-4845-A00C-F88033EB7C7C}
	EndGlobalSection
EndGlobal
