
Microsoft Visual Studio Solution File, Format Version 12.00
# Visual Studio Version 16
VisualStudioVersion = 16.0.31313.79
MinimumVisualStudioVersion = 10.0.40219.1
Project("{9A19103F-16F7-4668-BE54-9A1E7A4F7556}") = "Csv2RedisScript", "Csv2RedisScript\Csv2RedisScript.csproj", "{5DA4AB78-A971-488A-8F54-358AA813E9D6}"
EndProject
Project("{9A19103F-16F7-4668-BE54-9A1E7A4F7556}") = "Csv2RedisTests", "Csv2RedisTests\Csv2RedisTests.csproj", "{485DAD01-2204-4077-A2FF-411E6745494E}"
EndProject
Project("{9A19103F-16F7-4668-BE54-9A1E7A4F7556}") = "JMeterTestsScript", "JMeterTestsScript\JMeterTestsScript.csproj", "{593581CB-E051-4B0D-A2E6-A6553C9813BC}"
EndProject
Project("{2150E333-8FDC-42A3-9474-1A3956D46DE8}") = "Solution Items", "Solution Items", "{DA2D2C95-7B35-4738-BA5D-FD19C9535A8C}"
	ProjectSection(SolutionItems) = preProject
		.dockerignore = .dockerignore
		BuildDocker.ps1 = BuildDocker.ps1
		Dockerfile = Dockerfile
	EndProjectSection
EndProject
Global
	GlobalSection(SolutionConfigurationPlatforms) = preSolution
		Debug|Any CPU = Debug|Any CPU
		Release|Any CPU = Release|Any CPU
	EndGlobalSection
	GlobalSection(ProjectConfigurationPlatforms) = postSolution
		{5DA4AB78-A971-488A-8F54-358AA813E9D6}.Debug|Any CPU.ActiveCfg = Debug|Any CPU
		{5DA4AB78-A971-488A-8F54-358AA813E9D6}.Debug|Any CPU.Build.0 = Debug|Any CPU
		{5DA4AB78-A971-488A-8F54-358AA813E9D6}.Release|Any CPU.ActiveCfg = Release|Any CPU
		{5DA4AB78-A971-488A-8F54-358AA813E9D6}.Release|Any CPU.Build.0 = Release|Any CPU
		{485DAD01-2204-4077-A2FF-411E6745494E}.Debug|Any CPU.ActiveCfg = Debug|Any CPU
		{485DAD01-2204-4077-A2FF-411E6745494E}.Debug|Any CPU.Build.0 = Debug|Any CPU
		{485DAD01-2204-4077-A2FF-411E6745494E}.Release|Any CPU.ActiveCfg = Release|Any CPU
		{485DAD01-2204-4077-A2FF-411E6745494E}.Release|Any CPU.Build.0 = Release|Any CPU
		{593581CB-E051-4B0D-A2E6-A6553C9813BC}.Debug|Any CPU.ActiveCfg = Debug|Any CPU
		{593581CB-E051-4B0D-A2E6-A6553C9813BC}.Debug|Any CPU.Build.0 = Debug|Any CPU
		{593581CB-E051-4B0D-A2E6-A6553C9813BC}.Release|Any CPU.ActiveCfg = Release|Any CPU
		{593581CB-E051-4B0D-A2E6-A6553C9813BC}.Release|Any CPU.Build.0 = Release|Any CPU
	EndGlobalSection
	GlobalSection(SolutionProperties) = preSolution
		HideSolutionNode = FALSE
	EndGlobalSection
	GlobalSection(ExtensibilityGlobals) = postSolution
		SolutionGuid = {825057B3-8882-4542-A100-CFED91C8C39B}
	EndGlobalSection
EndGlobal
