
Microsoft Visual Studio Solution File, Format Version 12.00
# Visual Studio Version 16
VisualStudioVersion = 16.0.31313.79
MinimumVisualStudioVersion = 10.0.40219.1
Project("{9A19103F-16F7-4668-BE54-9A1E7A4F7556}") = "JtlToSqlTests", "JtlToSqlTests\JtlToSqlTests.csproj", "{D511C3FC-8CE8-4464-A4C3-E71018BACFC6}"
EndProject
Project("{9A19103F-16F7-4668-BE54-9A1E7A4F7556}") = "JtlToSql", "JtlToSql\JtlToSql.csproj", "{E297397D-15C8-42B6-8C0B-014FE73FEA56}"
EndProject
Project("{00D1A9C2-B5F0-4AF3-8072-F6C62B433612}") = "JmeterReportingDb", "JmeterReportingDb\JmeterReportingDb.sqlproj", "{982EC2B3-E6C5-4240-91A0-070500089F64}"
EndProject
Project("{9A19103F-16F7-4668-BE54-9A1E7A4F7556}") = "FileJtlToSql", "FileJtlToSql\FileJtlToSql.csproj", "{999DB86D-50A0-4679-9ED6-1ED7AC8BDBF2}"
EndProject
Project("{2150E333-8FDC-42A3-9474-1A3956D46DE8}") = "Solution Items", "Solution Items", "{E2F08955-E619-4BE3-BEC8-7C1070002BC4}"
	ProjectSection(SolutionItems) = preProject
		Dockerfile = Dockerfile
		JtlCsvToSqlAci.ps1 = JtlCsvToSqlAci.ps1
		JtlToSql.yml = JtlToSql.yml
		JtlToSqlSecrets.yml = JtlToSqlSecrets.yml
		readme.md = readme.md
	EndProjectSection
EndProject
Global
	GlobalSection(SolutionConfigurationPlatforms) = preSolution
		Debug|Any CPU = Debug|Any CPU
		Release|Any CPU = Release|Any CPU
	EndGlobalSection
	GlobalSection(ProjectConfigurationPlatforms) = postSolution
		{D511C3FC-8CE8-4464-A4C3-E71018BACFC6}.Debug|Any CPU.ActiveCfg = Debug|Any CPU
		{D511C3FC-8CE8-4464-A4C3-E71018BACFC6}.Debug|Any CPU.Build.0 = Debug|Any CPU
		{D511C3FC-8CE8-4464-A4C3-E71018BACFC6}.Release|Any CPU.ActiveCfg = Release|Any CPU
		{D511C3FC-8CE8-4464-A4C3-E71018BACFC6}.Release|Any CPU.Build.0 = Release|Any CPU
		{E297397D-15C8-42B6-8C0B-014FE73FEA56}.Debug|Any CPU.ActiveCfg = Debug|Any CPU
		{E297397D-15C8-42B6-8C0B-014FE73FEA56}.Debug|Any CPU.Build.0 = Debug|Any CPU
		{E297397D-15C8-42B6-8C0B-014FE73FEA56}.Release|Any CPU.ActiveCfg = Release|Any CPU
		{E297397D-15C8-42B6-8C0B-014FE73FEA56}.Release|Any CPU.Build.0 = Release|Any CPU
		{982EC2B3-E6C5-4240-91A0-070500089F64}.Debug|Any CPU.ActiveCfg = Debug|Any CPU
		{982EC2B3-E6C5-4240-91A0-070500089F64}.Debug|Any CPU.Build.0 = Debug|Any CPU
		{982EC2B3-E6C5-4240-91A0-070500089F64}.Debug|Any CPU.Deploy.0 = Debug|Any CPU
		{982EC2B3-E6C5-4240-91A0-070500089F64}.Release|Any CPU.ActiveCfg = Release|Any CPU
		{982EC2B3-E6C5-4240-91A0-070500089F64}.Release|Any CPU.Build.0 = Release|Any CPU
		{982EC2B3-E6C5-4240-91A0-070500089F64}.Release|Any CPU.Deploy.0 = Release|Any CPU
		{999DB86D-50A0-4679-9ED6-1ED7AC8BDBF2}.Debug|Any CPU.ActiveCfg = Debug|Any CPU
		{999DB86D-50A0-4679-9ED6-1ED7AC8BDBF2}.Debug|Any CPU.Build.0 = Debug|Any CPU
		{999DB86D-50A0-4679-9ED6-1ED7AC8BDBF2}.Release|Any CPU.ActiveCfg = Release|Any CPU
		{999DB86D-50A0-4679-9ED6-1ED7AC8BDBF2}.Release|Any CPU.Build.0 = Release|Any CPU
	EndGlobalSection
	GlobalSection(SolutionProperties) = preSolution
		HideSolutionNode = FALSE
	EndGlobalSection
	GlobalSection(ExtensibilityGlobals) = postSolution
		SolutionGuid = {C47C90B0-9B5A-4E09-A6FD-6926A99C313F}
	EndGlobalSection
EndGlobal
